// !$*UTF8*$!
{
	archiveVersion = 1;
	classes = {
	};
	objectVersion = 46;
	objects = {

/* Begin PBXBuildFile section */
		734BCFC71F66F797004D0AA4 /* main.cpp in Sources */ = {isa = PBXBuildFile; fileRef = 734BCFC61F66F797004D0AA4 /* main.cpp */; };
/* End PBXBuildFile section */

/* Begin PBXCopyFilesBuildPhase section */
		734BCFC11F66F797004D0AA4 /* CopyFiles */ = {
			isa = PBXCopyFilesBuildPhase;
			buildActionMask = 2147483647;
			dstPath = /usr/share/man/man1/;
			dstSubfolderSpec = 0;
			files = (
			);
			runOnlyForDeploymentPostprocessing = 1;
		};
/* End PBXCopyFilesBuildPhase section */

/* Begin PBXFileReference section */
		734BCFC31F66F797004D0AA4 /* Sudoku_lp */ = {isa = PBXFileReference; explicitFileType = "compiled.mach-o.executable"; includeInIndex = 0; path = Sudoku_lp; sourceTree = BUILT_PRODUCTS_DIR; };
		734BCFC61F66F797004D0AA4 /* main.cpp */ = {isa = PBXFileReference; lastKnownFileType = sourcecode.cpp.cpp; path = main.cpp; sourceTree = "<group>"; };
/* End PBXFileReference section */

/* Begin PBXFrameworksBuildPhase section */
		734BCFC01F66F797004D0AA4 /* Frameworks */ = {
			isa = PBXFrameworksBuildPhase;
			buildActionMask = 2147483647;
			files = (
			);
			runOnlyForDeploymentPostprocessing = 0;
		};
/* End PBXFrameworksBuildPhase section */

/* Begin PBXGroup section */
		734BCFBA1F66F797004D0AA4 = {
			isa = PBXGroup;
			children = (
				734BCFC51F66F797004D0AA4 /* Sudoku_lp */,
				734BCFC41F66F797004D0AA4 /* Products */,
			);
			sourceTree = "<group>";
		};
		734BCFC41F66F797004D0AA4 /* Products */ = {
			isa = PBXGroup;
			children = (
				734BCFC31F66F797004D0AA4 /* Sudoku_lp */,
			);
			name = Products;
			sourceTree = "<group>";
		};
		734BCFC51F66F797004D0AA4 /* Sudoku_lp */ = {
			isa = PBXGroup;
			children = (
				734BCFC61F66F797004D0AA4 /* main.cpp */,
			);
			path = Sudoku_lp;
			sourceTree = "<group>";
		};
/* End PBXGroup section */

/* Begin PBXNativeTarget section */
		734BCFC21F66F797004D0AA4 /* Sudoku_lp */ = {
			isa = PBXNativeTarget;
			buildConfigurationList = 734BCFCA1F66F797004D0AA4 /* Build configuration list for PBXNativeTarget "Sudoku_lp" */;
			buildPhases = (
				734BCFBF1F66F797004D0AA4 /* Sources */,
				734BCFC01F66F797004D0AA4 /* Frameworks */,
				734BCFC11F66F797004D0AA4 /* CopyFiles */,
			);
			buildRules = (
			);
			dependencies = (
			);
			name = Sudoku_lp;
			productName = Sudoku_lp;
			productReference = 734BCFC31F66F797004D0AA4 /* Sudoku_lp */;
			productType = "com.apple.product-type.tool";
		};
/* End PBXNativeTarget section */

/* Begin PBXProject section */
		734BCFBB1F66F797004D0AA4 /* Project object */ = {
			isa = PBXProject;
			attributes = {
				LastUpgradeCheck = 0830;
				ORGANIZATIONNAME = "Yu Gao";
				TargetAttributes = {
					734BCFC21F66F797004D0AA4 = {
						CreatedOnToolsVersion = 8.3.3;
						ProvisioningStyle = Automatic;
					};
				};
			};
			buildConfigurationList = 734BCFBE1F66F797004D0AA4 /* Build configuration list for PBXProject "Sudoku_lp" */;
			compatibilityVersion = "Xcode 3.2";
			developmentRegion = English;
			hasScannedForEncodings = 0;
			knownRegions = (
				en,
			);
			mainGroup = 734BCFBA1F66F797004D0AA4;
			productRefGroup = 734BCFC41F66F797004D0AA4 /* Products */;
			projectDirPath = "";
			projectRoot = "";
			targets = (
				734BCFC21F66F797004D0AA4 /* Sudoku_lp */,
			);
		};
/* End PBXProject section */

/* Begin PBXSourcesBuildPhase section */
		734BCFBF1F66F797004D0AA4 /* Sources */ = {
			isa = PBXSourcesBuildPhase;
			buildActionMask = 2147483647;
			files = (
				734BCFC71F66F797004D0AA4 /* main.cpp in Sources */,
			);
			runOnlyForDeploymentPostprocessing = 0;
		};
/* End PBXSourcesBuildPhase section */

/* Begin XCBuildConfiguration section */
		734BCFC81F66F797004D0AA4 /* Debug */ = {
			isa = XCBuildConfiguration;
			buildSettings = {
				ALWAYS_SEARCH_USER_PATHS = NO;
				CLANG_ANALYZER_NONNULL = YES;
				CLANG_ANALYZER_NUMBER_OBJECT_CONVERSION = YES_AGGRESSIVE;
				CLANG_CXX_LANGUAGE_STANDARD = "gnu++0x";
				CLANG_CXX_LIBRARY = "libc++";
				CLANG_ENABLE_MODULES = YES;
				CLANG_ENABLE_OBJC_ARC = YES;
				CLANG_WARN_BOOL_CONVERSION = YES;
				CLANG_WARN_CONSTANT_CONVERSION = YES;
				CLANG_WARN_DIRECT_OBJC_ISA_USAGE = YES_ERROR;
				CLANG_WARN_DOCUMENTATION_COMMENTS = YES;
				CLANG_WARN_EMPTY_BODY = YES;
				CLANG_WARN_ENUM_CONVERSION = YES;
				CLANG_WARN_INFINITE_RECURSION = YES;
				CLANG_WARN_INT_CONVERSION = YES;
				CLANG_WARN_OBJC_ROOT_CLASS = YES_ERROR;
				CLANG_WARN_SUSPICIOUS_MOVE = YES;
				CLANG_WARN_UNREACHABLE_CODE = YES;
				CLANG_WARN__DUPLICATE_METHOD_MATCH = YES;
				CODE_SIGN_IDENTITY = "-";
				COPY_PHASE_STRIP = NO;
				DEBUG_INFORMATION_FORMAT = dwarf;
				ENABLE_STRICT_OBJC_MSGSEND = YES;
				ENABLE_TESTABILITY = YES;
				GCC_C_LANGUAGE_STANDARD = gnu99;
				GCC_DYNAMIC_NO_PIC = NO;
				GCC_NO_COMMON_BLOCKS = YES;
				GCC_OPTIMIZATION_LEVEL = 0;
				GCC_PREPROCESSOR_DEFINITIONS = (
					"DEBUG=1",
					"$(inherited)",
				);
				GCC_WARN_64_TO_32_BIT_CONVERSION = YES;
				GCC_WARN_ABOUT_RETURN_TYPE = YES_ERROR;
				GCC_WARN_UNDECLARED_SELECTOR = YES;
				GCC_WARN_UNINITIALIZED_AUTOS = YES_AGGRESSIVE;
				GCC_WARN_UNUSED_FUNCTION = YES;
				GCC_WARN_UNUSED_VARIABLE = YES;
				MACOSX_DEPLOYMENT_TARGET = 10.12;
				MTL_ENABLE_DEBUG_INFO = YES;
				ONLY_ACTIVE_ARCH = YES;
				SDKROOT = macosx;
			};
			name = Debug;
		};
		734BCFC91F66F797004D0AA4 /* Release */ = {
			isa = XCBuildConfiguration;
			buildSettings = {
				ALWAYS_SEARCH_USER_PATHS = NO;
				CLANG_ANALYZER_NONNULL = YES;
				CLANG_ANALYZER_NUMBER_OBJECT_CONVERSION = YES_AGGRESSIVE;
				CLANG_CXX_LANGUAGE_STANDARD = "gnu++0x";
				CLANG_CXX_LIBRARY = "libc++";
				CLANG_ENABLE_MODULES = YES;
				CLANG_ENABLE_OBJC_ARC = YES;
				CLANG_WARN_BOOL_CONVERSION = YES;
				CLANG_WARN_CONSTANT_CONVERSION = YES;
				CLANG_WARN_DIRECT_OBJC_ISA_USAGE = YES_ERROR;
				CLANG_WARN_DOCUMENTATION_COMMENTS = YES;
				CLANG_WARN_EMPTY_BODY = YES;
				CLANG_WARN_ENUM_CONVERSION = YES;
				CLANG_WARN_INFINITE_RECURSION = YES;
				CLANG_WARN_INT_CONVERSION = YES;
				CLANG_WARN_OBJC_ROOT_CLASS = YES_ERROR;
				CLANG_WARN_SUSPICIOUS_MOVE = YES;
				CLANG_WARN_UNREACHABLE_CODE = YES;
				CLANG_WARN__DUPLICATE_METHOD_MATCH = YES;
				CODE_SIGN_IDENTITY = "-";
				COPY_PHASE_STRIP = NO;
				DEBUG_INFORMATION_FORMAT = "dwarf-with-dsym";
				ENABLE_NS_ASSERTIONS = NO;
				ENABLE_STRICT_OBJC_MSGSEND = YES;
				GCC_C_LANGUAGE_STANDARD = gnu99;
				GCC_NO_COMMON_BLOCKS = YES;
				GCC_WARN_64_TO_32_BIT_CONVERSION = YES;
				GCC_WARN_ABOUT_RETURN_TYPE = YES_ERROR;
				GCC_WARN_UNDECLARED_SELECTOR = YES;
				GCC_WARN_UNINITIALIZED_AUTOS = YES_AGGRESSIVE;
				GCC_WARN_UNUSED_FUNCTION = YES;
				GCC_WARN_UNUSED_VARIABLE = YES;
				MACOSX_DEPLOYMENT_TARGET = 10.12;
				MTL_ENABLE_DEBUG_INFO = NO;
				SDKROOT = macosx;
			};
			name = Release;
		};
		734BCFCB1F66F797004D0AA4 /* Debug */ = {
			isa = XCBuildConfiguration;
			buildSettings = {
				OTHER_LDFLAGS = "-llpsolve55";
				PRODUCT_NAME = "$(TARGET_NAME)";
				USER_HEADER_SEARCH_PATHS = "/Users/gaoyu/Documents/Courses/lp_solve_5.5 ";
			};
			name = Debug;
		};
		734BCFCC1F66F797004D0AA4 /* Release */ = {
			isa = XCBuildConfiguration;
			buildSettings = {
				OTHER_LDFLAGS = "-llpsolve55";
				PRODUCT_NAME = "$(TARGET_NAME)";
				USER_HEADER_SEARCH_PATHS = "/Users/gaoyu/Documents/Courses/lp_solve_5.5 ";
			};
			name = Release;
		};
/* End XCBuildConfiguration section */

/* Begin XCConfigurationList section */
		734BCFBE1F66F797004D0AA4 /* Build configuration list for PBXProject "Sudoku_lp" */ = {
			isa = XCConfigurationList;
			buildConfigurations = (
				734BCFC81F66F797004D0AA4 /* Debug */,
				734BCFC91F66F797004D0AA4 /* Release */,
			);
			defaultConfigurationIsVisible = 0;
			defaultConfigurationName = Release;
		};
		734BCFCA1F66F797004D0AA4 /* Build configuration list for PBXNativeTarget "Sudoku_lp" */ = {
			isa = XCConfigurationList;
			buildConfigurations = (
				734BCFCB1F66F797004D0AA4 /* Debug */,
				734BCFCC1F66F797004D0AA4 /* Release */,
			);
			defaultConfigurationIsVisible = 0;
		};
/* End XCConfigurationList section */
	};
	rootObject = 734BCFBB1F66F797004D0AA4 /* Project object */;
}
