// !$*UTF8*$!
{
	archiveVersion = 1;
	classes = {
	};
	objectVersion = 46;
	objects = {

/* Begin PBXBuildFile section */
		734BCFED1F68374A004D0AA4 /* main.cpp in Sources */ = {isa = PBXBuildFile; fileRef = 734BCFEC1F68374A004D0AA4 /* main.cpp */; };
/* End PBXBuildFile section */

/* Begin PBXCopyFilesBuildPhase section */
		734BCFE71F68374A004D0AA4 /* CopyFiles */ = {
			isa = PBXCopyFilesBuildPhase;
			buildActionMask = 2147483647;
			dstPath = /usr/share/man/man1/;
			dstSubfolderSpec = 0;
			files = (
			);
			runOnlyForDeploymentPostprocessing = 1;
		};
/* End PBXCopyFilesBuildPhase section */

/* Begin PBXFileReference section */
		734BCFE91F68374A004D0AA4 /* mixed_integer */ = {isa = PBXFileReference; explicitFileType = "compiled.mach-o.executable"; includeInIndex = 0; path = mixed_integer; sourceTree = BUILT_PRODUCTS_DIR; };
		734BCFEC1F68374A004D0AA4 /* main.cpp */ = {isa = PBXFileReference; lastKnownFileType = sourcecode.cpp.cpp; path = main.cpp; sourceTree = "<group>"; };
/* End PBXFileReference section */

/* Begin PBXFrameworksBuildPhase section */
		734BCFE61F68374A004D0AA4 /* Frameworks */ = {
			isa = PBXFrameworksBuildPhase;
			buildActionMask = 2147483647;
			files = (
			);
			runOnlyForDeploymentPostprocessing = 0;
		};
/* End PBXFrameworksBuildPhase section */

/* Begin PBXGroup section */
		734BCFE01F68374A004D0AA4 = {
			isa = PBXGroup;
			children = (
				734BCFEB1F68374A004D0AA4 /* mixed_integer */,
				734BCFEA1F68374A004D0AA4 /* Products */,
			);
			sourceTree = "<group>";
		};
		734BCFEA1F68374A004D0AA4 /* Products */ = {
			isa = PBXGroup;
			children = (
				734BCFE91F68374A004D0AA4 /* mixed_integer */,
			);
			name = Products;
			sourceTree = "<group>";
		};
		734BCFEB1F68374A004D0AA4 /* mixed_integer */ = {
			isa = PBXGroup;
			children = (
				734BCFEC1F68374A004D0AA4 /* main.cpp */,
			);
			path = mixed_integer;
			sourceTree = "<group>";
		};
/* End PBXGroup section */

/* Begin PBXNativeTarget section */
		734BCFE81F68374A004D0AA4 /* mixed_integer */ = {
			isa = PBXNativeTarget;
			buildConfigurationList = 734BCFF01F68374A004D0AA4 /* Build configuration list for PBXNativeTarget "mixed_integer" */;
			buildPhases = (
				734BCFE51F68374A004D0AA4 /* Sources */,
				734BCFE61F68374A004D0AA4 /* Frameworks */,
				734BCFE71F68374A004D0AA4 /* CopyFiles */,
			);
			buildRules = (
			);
			dependencies = (
			);
			name = mixed_integer;
			productName = mixed_integer;
			productReference = 734BCFE91F68374A004D0AA4 /* mixed_integer */;
			productType = "com.apple.product-type.tool";
		};
/* End PBXNativeTarget section */

/* Begin PBXProject section */
		734BCFE11F68374A004D0AA4 /* Project object */ = {
			isa = PBXProject;
			attributes = {
				LastUpgradeCheck = 0830;
				ORGANIZATIONNAME = "Yu Gao";
				TargetAttributes = {
					734BCFE81F68374A004D0AA4 = {
						CreatedOnToolsVersion = 8.3.3;
						ProvisioningStyle = Automatic;
					};
				};
			};
			buildConfigurationList = 734BCFE41F68374A004D0AA4 /* Build configuration list for PBXProject "mixed_integer" */;
			compatibilityVersion = "Xcode 3.2";
			developmentRegion = English;
			hasScannedForEncodings = 0;
			knownRegions = (
				en,
			);
			mainGroup = 734BCFE01F68374A004D0AA4;
			productRefGroup = 734BCFEA1F68374A004D0AA4 /* Products */;
			projectDirPath = "";
			projectRoot = "";
			targets = (
				734BCFE81F68374A004D0AA4 /* mixed_integer */,
			);
		};
/* End PBXProject section */

/* Begin PBXSourcesBuildPhase section */
		734BCFE51F68374A004D0AA4 /* Sources */ = {
			isa = PBXSourcesBuildPhase;
			buildActionMask = 2147483647;
			files = (
				734BCFED1F68374A004D0AA4 /* main.cpp in Sources */,
			);
			runOnlyForDeploymentPostprocessing = 0;
		};
/* End PBXSourcesBuildPhase section */

/* Begin XCBuildConfiguration section */
		734BCFEE1F68374A004D0AA4 /* Debug */ = {
			isa = XCBuildConfiguration;
			buildSettings = {
				ALWAYS_SEARCH_USER_PATHS = NO;
				CLANG_ANALYZER_NONNULL = YES;
				CLANG_ANALYZER_NUMBER_OBJECT_CONVERSION = YES_AGGRESSIVE;
				CLANG_CXX_LANGUAGE_STANDARD = "gnu++0x";
				CLANG_CXX_LIBRARY = "libc++";
				CLANG_ENABLE_MODULES = YES;
				CLANG_ENABLE_OBJC_ARC = YES;
				CLANG_WARN_BOOL_CONVERSION = YES;
				CLANG_WARN_CONSTANT_CONVERSION = YES;
				CLANG_WARN_DIRECT_OBJC_ISA_USAGE = YES_ERROR;
				CLANG_WARN_DOCUMENTATION_COMMENTS = YES;
				CLANG_WARN_EMPTY_BODY = YES;
				CLANG_WARN_ENUM_CONVERSION = YES;
				CLANG_WARN_INFINITE_RECURSION = YES;
				CLANG_WARN_INT_CONVERSION = YES;
				CLANG_WARN_OBJC_ROOT_CLASS = YES_ERROR;
				CLANG_WARN_SUSPICIOUS_MOVE = YES;
				CLANG_WARN_UNREACHABLE_CODE = YES;
				CLANG_WARN__DUPLICATE_METHOD_MATCH = YES;
				CODE_SIGN_IDENTITY = "-";
				COPY_PHASE_STRIP = NO;
				DEBUG_INFORMATION_FORMAT = dwarf;
				ENABLE_STRICT_OBJC_MSGSEND = YES;
				ENABLE_TESTABILITY = YES;
				GCC_C_LANGUAGE_STANDARD = gnu99;
				GCC_DYNAMIC_NO_PIC = NO;
				GCC_NO_COMMON_BLOCKS = YES;
				GCC_OPTIMIZATION_LEVEL = 0;
				GCC_PREPROCESSOR_DEFINITIONS = (
					"DEBUG=1",
					"$(inherited)",
				);
				GCC_WARN_64_TO_32_BIT_CONVERSION = YES;
				GCC_WARN_ABOUT_RETURN_TYPE = YES_ERROR;
				GCC_WARN_UNDECLARED_SELECTOR = YES;
				GCC_WARN_UNINITIALIZED_AUTOS = YES_AGGRESSIVE;
				GCC_WARN_UNUSED_FUNCTION = YES;
				GCC_WARN_UNUSED_VARIABLE = YES;
				MACOSX_DEPLOYMENT_TARGET = 10.12;
				MTL_ENABLE_DEBUG_INFO = YES;
				ONLY_ACTIVE_ARCH = YES;
				SDKROOT = macosx;
				USER_HEADER_SEARCH_PATHS = /Users/gaoyu/Documents/Courses/lp_solve_5.5;
			};
			name = Debug;
		};
		734BCFEF1F68374A004D0AA4 /* Release */ = {
			isa = XCBuildConfiguration;
			buildSettings = {
				ALWAYS_SEARCH_USER_PATHS = NO;
				CLANG_ANALYZER_NONNULL = YES;
				CLANG_ANALYZER_NUMBER_OBJECT_CONVERSION = YES_AGGRESSIVE;
				CLANG_CXX_LANGUAGE_STANDARD = "gnu++0x";
				CLANG_CXX_LIBRARY = "libc++";
				CLANG_ENABLE_MODULES = YES;
				CLANG_ENABLE_OBJC_ARC = YES;
				CLANG_WARN_BOOL_CONVERSION = YES;
				CLANG_WARN_CONSTANT_CONVERSION = YES;
				CLANG_WARN_DIRECT_OBJC_ISA_USAGE = YES_ERROR;
				CLANG_WARN_DOCUMENTATION_COMMENTS = YES;
				CLANG_WARN_EMPTY_BODY = YES;
				CLANG_WARN_ENUM_CONVERSION = YES;
				CLANG_WARN_INFINITE_RECURSION = YES;
				CLANG_WARN_INT_CONVERSION = YES;
				CLANG_WARN_OBJC_ROOT_CLASS = YES_ERROR;
				CLANG_WARN_SUSPICIOUS_MOVE = YES;
				CLANG_WARN_UNREACHABLE_CODE = YES;
				CLANG_WARN__DUPLICATE_METHOD_MATCH = YES;
				CODE_SIGN_IDENTITY = "-";
				COPY_PHASE_STRIP = NO;
				DEBUG_INFORMATION_FORMAT = "dwarf-with-dsym";
				ENABLE_NS_ASSERTIONS = NO;
				ENABLE_STRICT_OBJC_MSGSEND = YES;
				GCC_C_LANGUAGE_STANDARD = gnu99;
				GCC_NO_COMMON_BLOCKS = YES;
				GCC_WARN_64_TO_32_BIT_CONVERSION = YES;
				GCC_WARN_ABOUT_RETURN_TYPE = YES_ERROR;
				GCC_WARN_UNDECLARED_SELECTOR = YES;
				GCC_WARN_UNINITIALIZED_AUTOS = YES_AGGRESSIVE;
				GCC_WARN_UNUSED_FUNCTION = YES;
				GCC_WARN_UNUSED_VARIABLE = YES;
				MACOSX_DEPLOYMENT_TARGET = 10.12;
				MTL_ENABLE_DEBUG_INFO = NO;
				SDKROOT = macosx;
				USER_HEADER_SEARCH_PATHS = /Users/gaoyu/Documents/Courses/lp_solve_5.5;
			};
			name = Release;
		};
		734BCFF11F68374A004D0AA4 /* Debug */ = {
			isa = XCBuildConfiguration;
			buildSettings = {
				LIBRARY_SEARCH_PATHS = /Users/gaoyu/Documents/Courses/lp_solve_5.5/lpsolve55/bin/osx64;
				OTHER_LDFLAGS = "-llpsolve55";
				PRODUCT_NAME = "$(TARGET_NAME)";
			};
			name = Debug;
		};
		734BCFF21F68374A004D0AA4 /* Release */ = {
			isa = XCBuildConfiguration;
			buildSettings = {
				LIBRARY_SEARCH_PATHS = /Users/gaoyu/Documents/Courses/lp_solve_5.5/lpsolve55/bin/osx64;
				OTHER_LDFLAGS = "-llpsolve55";
				PRODUCT_NAME = "$(TARGET_NAME)";
			};
			name = Release;
		};
/* End XCBuildConfiguration section */

/* Begin XCConfigurationList section */
		734BCFE41F68374A004D0AA4 /* Build configuration list for PBXProject "mixed_integer" */ = {
			isa = XCConfigurationList;
			buildConfigurations = (
				734BCFEE1F68374A004D0AA4 /* Debug */,
				734BCFEF1F68374A004D0AA4 /* Release */,
			);
			defaultConfigurationIsVisible = 0;
			defaultConfigurationName = Release;
		};
		734BCFF01F68374A004D0AA4 /* Build configuration list for PBXNativeTarget "mixed_integer" */ = {
			isa = XCConfigurationList;
			buildConfigurations = (
				734BCFF11F68374A004D0AA4 /* Debug */,
				734BCFF21F68374A004D0AA4 /* Release */,
			);
			defaultConfigurationIsVisible = 0;
			defaultConfigurationName = Release;
		};
/* End XCConfigurationList section */
	};
	rootObject = 734BCFE11F68374A004D0AA4 /* Project object */;
}
